version = 1
revision = 3
requires-python = "==3.12.*"

[[package]]
name = "archspec"
version = "0.2.5"
source = { registry = "https://pypi.org/simple" }
sdist = { url = "https://files.pythonhosted.org/packages/8f/7d/a4aff520fbf4636c4bdba3d1cea39d7b9574e891a605f86c7f3883ea9d99/archspec-0.2.5.tar.gz", hash = "sha256:5bec8dfc5366ff299071200466dc9572d56db4e43abca3c66bdd62bc2b731a2a", size = 53848, upload-time = "2024-10-14T14:52:25.415Z" }
wheels = [
    { url = "https://files.pythonhosted.org/packages/d2/8d/2733707a9daf4df14cb6ae251691cfc49fcce888234ec6484364d8319b46/archspec-0.2.5-py3-none-any.whl", hash = "sha256:604bd4115cb4c18e50a22a9b4a1e516706712263790d7d2994aaa595e70082f6", size = 76161, upload-time = "2024-10-14T14:52:24.138Z" },
]

[[package]]
name = "brotli"
version = "1.1.0"
source = { registry = "https://pypi.org/simple" }
sdist = { url = "https://files.pythonhosted.org/packages/2f/c2/f9e977608bdf958650638c3f1e28f85a1b075f075ebbe77db8555463787b/Brotli-1.1.0.tar.gz", hash = "sha256:81de08ac11bcb85841e440c13611c00b67d3bf82698314928d0b676362546724", size = 7372270, upload-time = "2023-09-07T14:05:41.643Z" }
wheels = [
    { url = "https://files.pythonhosted.org/packages/5c/d0/5373ae13b93fe00095a58efcbce837fd470ca39f703a235d2a999baadfbc/Brotli-1.1.0-cp312-cp312-macosx_10_13_universal2.whl", hash = "sha256:32d95b80260d79926f5fab3c41701dbb818fde1c9da590e77e571eefd14abe28", size = 815693, upload-time = "2024-10-18T12:32:23.824Z" },
    { url = "https://files.pythonhosted.org/packages/8e/48/f6e1cdf86751300c288c1459724bfa6917a80e30dbfc326f92cea5d3683a/Brotli-1.1.0-cp312-cp312-macosx_10_13_x86_64.whl", hash = "sha256:b760c65308ff1e462f65d69c12e4ae085cff3b332d894637f6273a12a482d09f", size = 422489, upload-time = "2024-10-18T12:32:25.641Z" },
    { url = "https://files.pythonhosted.org/packages/06/88/564958cedce636d0f1bed313381dfc4b4e3d3f6015a63dae6146e1b8c65c/Brotli-1.1.0-cp312-cp312-macosx_10_9_universal2.whl", hash = "sha256:316cc9b17edf613ac76b1f1f305d2a748f1b976b033b049a6ecdfd5612c70409", size = 873081, upload-time = "2023-09-07T14:03:57.967Z" },
    { url = "https://files.pythonhosted.org/packages/58/79/b7026a8bb65da9a6bb7d14329fd2bd48d2b7f86d7329d5cc8ddc6a90526f/Brotli-1.1.0-cp312-cp312-macosx_10_9_x86_64.whl", hash = "sha256:caf9ee9a5775f3111642d33b86237b05808dafcd6268faa492250e9b78046eb2", size = 446244, upload-time = "2023-09-07T14:03:59.319Z" },
    { url = "https://files.pythonhosted.org/packages/e5/18/c18c32ecea41b6c0004e15606e274006366fe19436b6adccc1ae7b2e50c2/Brotli-1.1.0-cp312-cp312-manylinux_2_17_aarch64.manylinux2014_aarch64.whl", hash = "sha256:70051525001750221daa10907c77830bc889cb6d865cc0b813d9db7fefc21451", size = 2906505, upload-time = "2023-09-07T14:04:01.327Z" },
    { url = "https://files.pythonhosted.org/packages/08/c8/69ec0496b1ada7569b62d85893d928e865df29b90736558d6c98c2031208/Brotli-1.1.0-cp312-cp312-manylinux_2_17_ppc64le.manylinux2014_ppc64le.whl", hash = "sha256:7f4bf76817c14aa98cc6697ac02f3972cb8c3da93e9ef16b9c66573a68014f91", size = 2944152, upload-time = "2023-09-07T14:04:03.033Z" },
    { url = "https://files.pythonhosted.org/packages/ab/fb/0517cea182219d6768113a38167ef6d4eb157a033178cc938033a552ed6d/Brotli-1.1.0-cp312-cp312-manylinux_2_17_x86_64.manylinux2014_x86_64.whl", hash = "sha256:d0c5516f0aed654134a2fc936325cc2e642f8a0e096d075209672eb321cff408", size = 2919252, upload-time = "2023-09-07T14:04:04.675Z" },
    { url = "https://files.pythonhosted.org/packages/c7/53/73a3431662e33ae61a5c80b1b9d2d18f58dfa910ae8dd696e57d39f1a2f5/Brotli-1.1.0-cp312-cp312-manylinux_2_5_i686.manylinux1_i686.manylinux_2_17_i686.manylinux2014_i686.whl", hash = "sha256:6c3020404e0b5eefd7c9485ccf8393cfb75ec38ce75586e046573c9dc29967a0", size = 2845955, upload-time = "2023-09-07T14:04:06.585Z" },
    { url = "https://files.pythonhosted.org/packages/55/ac/bd280708d9c5ebdbf9de01459e625a3e3803cce0784f47d633562cf40e83/Brotli-1.1.0-cp312-cp312-musllinux_1_1_aarch64.whl", hash = "sha256:4ed11165dd45ce798d99a136808a794a748d5dc38511303239d4e2363c0695dc", size = 2914304, upload-time = "2023-09-07T14:04:08.668Z" },
    { url = "https://files.pythonhosted.org/packages/76/58/5c391b41ecfc4527d2cc3350719b02e87cb424ef8ba2023fb662f9bf743c/Brotli-1.1.0-cp312-cp312-musllinux_1_1_i686.whl", hash = "sha256:4093c631e96fdd49e0377a9c167bfd75b6d0bad2ace734c6eb20b348bc3ea180", size = 2814452, upload-time = "2023-09-07T14:04:10.736Z" },
    { url = "https://files.pythonhosted.org/packages/c7/4e/91b8256dfe99c407f174924b65a01f5305e303f486cc7a2e8a5d43c8bec3/Brotli-1.1.0-cp312-cp312-musllinux_1_1_ppc64le.whl", hash = "sha256:7e4c4629ddad63006efa0ef968c8e4751c5868ff0b1c5c40f76524e894c50248", size = 2938751, upload-time = "2023-09-07T14:04:12.875Z" },
    { url = "https://files.pythonhosted.org/packages/5a/a6/e2a39a5d3b412938362bbbeba5af904092bf3f95b867b4a3eb856104074e/Brotli-1.1.0-cp312-cp312-musllinux_1_1_x86_64.whl", hash = "sha256:861bf317735688269936f755fa136a99d1ed526883859f86e41a5d43c61d8966", size = 2933757, upload-time = "2023-09-07T14:04:14.551Z" },
    { url = "https://files.pythonhosted.org/packages/13/f0/358354786280a509482e0e77c1a5459e439766597d280f28cb097642fc26/Brotli-1.1.0-cp312-cp312-musllinux_1_2_aarch64.whl", hash = "sha256:87a3044c3a35055527ac75e419dfa9f4f3667a1e887ee80360589eb8c90aabb9", size = 2936146, upload-time = "2024-10-18T12:32:27.257Z" },
    { url = "https://files.pythonhosted.org/packages/80/f7/daf538c1060d3a88266b80ecc1d1c98b79553b3f117a485653f17070ea2a/Brotli-1.1.0-cp312-cp312-musllinux_1_2_i686.whl", hash = "sha256:c5529b34c1c9d937168297f2c1fde7ebe9ebdd5e121297ff9c043bdb2ae3d6fb", size = 2848055, upload-time = "2024-10-18T12:32:29.376Z" },
    { url = "https://files.pythonhosted.org/packages/ad/cf/0eaa0585c4077d3c2d1edf322d8e97aabf317941d3a72d7b3ad8bce004b0/Brotli-1.1.0-cp312-cp312-musllinux_1_2_ppc64le.whl", hash = "sha256:ca63e1890ede90b2e4454f9a65135a4d387a4585ff8282bb72964fab893f2111", size = 3035102, upload-time = "2024-10-18T12:32:31.371Z" },
    { url = "https://files.pythonhosted.org/packages/d8/63/1c1585b2aa554fe6dbce30f0c18bdbc877fa9a1bf5ff17677d9cca0ac122/Brotli-1.1.0-cp312-cp312-musllinux_1_2_x86_64.whl", hash = "sha256:e79e6520141d792237c70bcd7a3b122d00f2613769ae0cb61c52e89fd3443839", size = 2930029, upload-time = "2024-10-18T12:32:33.293Z" },
    { url = "https://files.pythonhosted.org/packages/5f/3b/4e3fd1893eb3bbfef8e5a80d4508bec17a57bb92d586c85c12d28666bb13/Brotli-1.1.0-cp312-cp312-win32.whl", hash = "sha256:5f4d5ea15c9382135076d2fb28dde923352fe02951e66935a9efaac8f10e81b0", size = 333276, upload-time = "2023-09-07T14:04:16.49Z" },
    { url = "https://files.pythonhosted.org/packages/3d/d5/942051b45a9e883b5b6e98c041698b1eb2012d25e5948c58d6bf85b1bb43/Brotli-1.1.0-cp312-cp312-win_amd64.whl", hash = "sha256:906bc3a79de8c4ae5b86d3d75a8b77e44404b0f4261714306e3ad248d8ab0951", size = 357255, upload-time = "2023-09-07T14:04:17.83Z" },
]

[[package]]
name = "etcpak"
version = "0.9.15"
source = { registry = "https://pypi.org/simple" }
dependencies = [
    { name = "archspec" },
]
sdist = { url = "https://files.pythonhosted.org/packages/76/21/c504ccfe89dbff7154a7733b6792885b3af88a6a5db534b381ae6c3048fd/etcpak-0.9.15.tar.gz", hash = "sha256:fe09e32d8aa75b8163832428c3d6df65a51b2b7e0237292c10c1224ca5728a43", size = 118748, upload-time = "2025-08-11T21:58:01.32Z" }
wheels = [
    { url = "https://files.pythonhosted.org/packages/84/cb/d302b8aaa77ec2b8b468731237d72d6832c96a18b944c0a34f21eacd4d79/etcpak-0.9.15-cp37-abi3-macosx_10_9_x86_64.whl", hash = "sha256:ead1fa47527b9d216be50f65ab4cc728ced93dafea773139026ad6268934fb6f", size = 368722, upload-time = "2025-08-11T21:57:06.519Z" },
    { url = "https://files.pythonhosted.org/packages/17/6c/501e3c4307ce022d2522af84e78dd03c4e225870f7484ccb5d4302b7c0ec/etcpak-0.9.15-cp37-abi3-macosx_11_0_arm64.whl", hash = "sha256:b96260c18ff79387d9b003c9188196c2490bdcd3420496fcf544f246a534c31b", size = 185525, upload-time = "2025-08-11T21:57:08.591Z" },
    { url = "https://files.pythonhosted.org/packages/80/0a/afd05444fe8fc3db906f57580be711c0a6bc39375ca7a738f04e7e1fc947/etcpak-0.9.15-cp37-abi3-manylinux_2_17_aarch64.manylinux2014_aarch64.whl", hash = "sha256:a5c4c6ebe3a5aaf907afa14619071cd5bc60857f175491d04cbacedbba561d5c", size = 1170402, upload-time = "2025-08-11T21:57:09.783Z" },
    { url = "https://files.pythonhosted.org/packages/ba/c9/cae71b16a2d7f70012f7c61d7cf225cbd4ae10c5401aded3b6cb3c14e9c4/etcpak-0.9.15-cp37-abi3-manylinux_2_17_i686.manylinux2014_i686.whl", hash = "sha256:13954e177dfc0c0643c6069fd9568dc4116cfb0a5cbe5657be93b94bed41c529", size = 551698, upload-time = "2025-08-11T21:57:11.589Z" },
    { url = "https://files.pythonhosted.org/packages/c7/c5/c3530a189a7fde543d77f2c3bbf2fd370497346b0b4d857e4163e6099b06/etcpak-0.9.15-cp37-abi3-manylinux_2_17_ppc64le.manylinux2014_ppc64le.whl", hash = "sha256:b168f8d3ebad00ade491a8e3a6a86e47356a943337ab3cccff1c605ac664b525", size = 579230, upload-time = "2025-08-11T21:57:12.865Z" },
    { url = "https://files.pythonhosted.org/packages/72/69/a3ee48aa9f7f3a7cbbdd2911f80dbc39cefff9dda8744e5f0c8123503995/etcpak-0.9.15-cp37-abi3-manylinux_2_17_s390x.manylinux2014_s390x.whl", hash = "sha256:7cc0746ddc2220e84982b48ce62df17a08dfc38ac77bd878b5835139765be8e8", size = 662066, upload-time = "2025-08-11T21:57:14.099Z" },
    { url = "https://files.pythonhosted.org/packages/d1/b1/07d7955b6c25aa5c56c427125a32ea8431e61edf4df79a54e14329b3a7f7/etcpak-0.9.15-cp37-abi3-manylinux_2_17_x86_64.manylinux2014_x86_64.whl", hash = "sha256:b75248c4869c7fddf1e5bba4be02a504da08cffb17434dcdb5bc618869d4ea0a", size = 2610903, upload-time = "2025-08-11T21:57:15.719Z" },
    { url = "https://files.pythonhosted.org/packages/e7/59/e057c7d09506ec462c9b9d7323a8bf3155692effbaa6af68d6417b2b05f0/etcpak-0.9.15-cp37-abi3-musllinux_1_2_aarch64.whl", hash = "sha256:b7407c83db1b73be12816d56e3ed75a44f39553327aa5a3613b10839c891bac7", size = 2006710, upload-time = "2025-08-11T21:57:17.174Z" },
    { url = "https://files.pythonhosted.org/packages/b1/2a/e6bd68d717aafaa4df7417b0e8aa50a0e57ab1efad55dafc401d81a0701e/etcpak-0.9.15-cp37-abi3-musllinux_1_2_armv7l.whl", hash = "sha256:693d4a73451b2d8b3f13da372fae071a2a1a0ac01c783d02c8e000abe8ee4370", size = 1321875, upload-time = "2025-08-11T21:57:18.893Z" },
    { url = "https://files.pythonhosted.org/packages/70/91/28839b77a701c6d478ba82a38c5de294223e34d393f602b65df1f0908ceb/etcpak-0.9.15-cp37-abi3-musllinux_1_2_i686.whl", hash = "sha256:b5c794bfe0cb3d8a1d4ff5d823e413b5ac25486a9d995505d785ee4d8886887e", size = 1620716, upload-time = "2025-08-11T21:57:20.607Z" },
    { url = "https://files.pythonhosted.org/packages/2b/01/26b52b7371e3c321c1b064b67b2373be13cd4568ab1881f087ac0aa32285/etcpak-0.9.15-cp37-abi3-musllinux_1_2_ppc64le.whl", hash = "sha256:3029d8736e381579c679aa2d6a303d0123110392847d1b932dc142328f63ad8b", size = 1606327, upload-time = "2025-08-11T21:57:22.343Z" },
    { url = "https://files.pythonhosted.org/packages/36/7e/db313295f76d32552c64138d07a40cc04f579e01a2e64755c3bd40aee91a/etcpak-0.9.15-cp37-abi3-musllinux_1_2_s390x.whl", hash = "sha256:2ccd4b43d78ecbf4f53c55343daefdf317947f2ae46537cfd5f0e29414c3c5f5", size = 1808211, upload-time = "2025-08-11T21:57:23.634Z" },
    { url = "https://files.pythonhosted.org/packages/db/2c/83e1eae30717fc7f81562a72d2dcf9e47954bd3fdab8d883bc25a7c6be0f/etcpak-0.9.15-cp37-abi3-musllinux_1_2_x86_64.whl", hash = "sha256:34406279b664aae890fef96f5175cc68bb48b2cb0440c076ab37fb591b181f68", size = 3505883, upload-time = "2025-08-11T21:57:25.394Z" },
    { url = "https://files.pythonhosted.org/packages/a3/c7/067be73bcaddb97c530f105b526ea08488c0793b36e853f6a032f1a78868/etcpak-0.9.15-cp37-abi3-win32.whl", hash = "sha256:34bee5cf945e12efa76728aca448932229bd9496c691d5fe12e20783446fd446", size = 225905, upload-time = "2025-08-11T21:57:26.795Z" },
    { url = "https://files.pythonhosted.org/packages/65/d5/6659ba74d4fec78a46dcf4ae6780c6fac34acf041c8e4d63bba709995a4d/etcpak-0.9.15-cp37-abi3-win_amd64.whl", hash = "sha256:669d902eeb774bc6d4df226183c09c3d03c9fc0f47b4c0c20030fc2b39eec2f2", size = 1132728, upload-time = "2025-08-11T21:57:27.974Z" },
]

[[package]]
name = "lz4"
version = "4.4.4"
source = { registry = "https://pypi.org/simple" }
sdist = { url = "https://files.pythonhosted.org/packages/c6/5a/945f5086326d569f14c84ac6f7fcc3229f0b9b1e8cc536b951fd53dfb9e1/lz4-4.4.4.tar.gz", hash = "sha256:070fd0627ec4393011251a094e08ed9fdcc78cb4e7ab28f507638eee4e39abda", size = 171884, upload-time = "2025-04-01T22:55:58.62Z" }
wheels = [
    { url = "https://files.pythonhosted.org/packages/f7/2d/5523b4fabe11cd98f040f715728d1932eb7e696bfe94391872a823332b94/lz4-4.4.4-cp312-cp312-macosx_10_13_x86_64.whl", hash = "sha256:23ae267494fdd80f0d2a131beff890cf857f1b812ee72dbb96c3204aab725553", size = 220669, upload-time = "2025-04-01T22:55:32.032Z" },
    { url = "https://files.pythonhosted.org/packages/91/06/1a5bbcacbfb48d8ee5b6eb3fca6aa84143a81d92946bdb5cd6b005f1863e/lz4-4.4.4-cp312-cp312-macosx_11_0_arm64.whl", hash = "sha256:fff9f3a1ed63d45cb6514bfb8293005dc4141341ce3500abdfeb76124c0b9b2e", size = 189661, upload-time = "2025-04-01T22:55:33.413Z" },
    { url = "https://files.pythonhosted.org/packages/fa/08/39eb7ac907f73e11a69a11576a75a9e36406b3241c0ba41453a7eb842abb/lz4-4.4.4-cp312-cp312-manylinux_2_17_aarch64.manylinux2014_aarch64.whl", hash = "sha256:1ea7f07329f85a8eda4d8cf937b87f27f0ac392c6400f18bea2c667c8b7f8ecc", size = 1238775, upload-time = "2025-04-01T22:55:34.835Z" },
    { url = "https://files.pythonhosted.org/packages/e9/26/05840fbd4233e8d23e88411a066ab19f1e9de332edddb8df2b6a95c7fddc/lz4-4.4.4-cp312-cp312-manylinux_2_17_x86_64.manylinux2014_x86_64.whl", hash = "sha256:8ccab8f7f7b82f9fa9fc3b0ba584d353bd5aa818d5821d77d5b9447faad2aaad", size = 1265143, upload-time = "2025-04-01T22:55:35.933Z" },
    { url = "https://files.pythonhosted.org/packages/b7/5d/5f2db18c298a419932f3ab2023deb689863cf8fd7ed875b1c43492479af2/lz4-4.4.4-cp312-cp312-manylinux_2_5_i686.manylinux1_i686.manylinux_2_17_i686.manylinux2014_i686.whl", hash = "sha256:e43e9d48b2daf80e486213128b0763deed35bbb7a59b66d1681e205e1702d735", size = 1185032, upload-time = "2025-04-01T22:55:37.454Z" },
    { url = "https://files.pythonhosted.org/packages/c4/e6/736ab5f128694b0f6aac58343bcf37163437ac95997276cd0be3ea4c3342/lz4-4.4.4-cp312-cp312-win32.whl", hash = "sha256:33e01e18e4561b0381b2c33d58e77ceee850a5067f0ece945064cbaac2176962", size = 88284, upload-time = "2025-04-01T22:55:38.536Z" },
    { url = "https://files.pythonhosted.org/packages/40/b8/243430cb62319175070e06e3a94c4c7bd186a812e474e22148ae1290d47d/lz4-4.4.4-cp312-cp312-win_amd64.whl", hash = "sha256:d21d1a2892a2dcc193163dd13eaadabb2c1b803807a5117d8f8588b22eaf9f12", size = 99918, upload-time = "2025-04-01T22:55:39.628Z" },
    { url = "https://files.pythonhosted.org/packages/6c/e1/0686c91738f3e6c2e1a243e0fdd4371667c4d2e5009b0a3605806c2aa020/lz4-4.4.4-cp312-cp312-win_arm64.whl", hash = "sha256:2f4f2965c98ab254feddf6b5072854a6935adab7bc81412ec4fe238f07b85f62", size = 89736, upload-time = "2025-04-01T22:55:40.5Z" },
]

[[package]]
name = "pillow"
version = "12.0.0"
source = { registry = "https://pypi.org/simple" }
sdist = { url = "https://files.pythonhosted.org/packages/5a/b0/cace85a1b0c9775a9f8f5d5423c8261c858760e2466c79b2dd184638b056/pillow-12.0.0.tar.gz", hash = "sha256:87d4f8125c9988bfbed67af47dd7a953e2fc7b0cc1e7800ec6d2080d490bb353", size = 47008828, upload-time = "2025-10-15T18:24:14.008Z" }
wheels = [
    { url = "https://files.pythonhosted.org/packages/2c/90/4fcce2c22caf044e660a198d740e7fbc14395619e3cb1abad12192c0826c/pillow-12.0.0-cp312-cp312-macosx_10_13_x86_64.whl", hash = "sha256:53561a4ddc36facb432fae7a9d8afbfaf94795414f5cdc5fc52f28c1dca90371", size = 5249377, upload-time = "2025-10-15T18:22:05.993Z" },
    { url = "https://files.pythonhosted.org/packages/fd/e0/ed960067543d080691d47d6938ebccbf3976a931c9567ab2fbfab983a5dd/pillow-12.0.0-cp312-cp312-macosx_11_0_arm64.whl", hash = "sha256:71db6b4c1653045dacc1585c1b0d184004f0d7e694c7b34ac165ca70c0838082", size = 4650343, upload-time = "2025-10-15T18:22:07.718Z" },
    { url = "https://files.pythonhosted.org/packages/e7/a1/f81fdeddcb99c044bf7d6faa47e12850f13cee0849537a7d27eeab5534d4/pillow-12.0.0-cp312-cp312-manylinux2014_aarch64.manylinux_2_17_aarch64.whl", hash = "sha256:2fa5f0b6716fc88f11380b88b31fe591a06c6315e955c096c35715788b339e3f", size = 6232981, upload-time = "2025-10-15T18:22:09.287Z" },
    { url = "https://files.pythonhosted.org/packages/88/e1/9098d3ce341a8750b55b0e00c03f1630d6178f38ac191c81c97a3b047b44/pillow-12.0.0-cp312-cp312-manylinux2014_x86_64.manylinux_2_17_x86_64.whl", hash = "sha256:82240051c6ca513c616f7f9da06e871f61bfd7805f566275841af15015b8f98d", size = 8041399, upload-time = "2025-10-15T18:22:10.872Z" },
    { url = "https://files.pythonhosted.org/packages/a7/62/a22e8d3b602ae8cc01446d0c57a54e982737f44b6f2e1e019a925143771d/pillow-12.0.0-cp312-cp312-manylinux_2_27_aarch64.manylinux_2_28_aarch64.whl", hash = "sha256:55f818bd74fe2f11d4d7cbc65880a843c4075e0ac7226bc1a23261dbea531953", size = 6347740, upload-time = "2025-10-15T18:22:12.769Z" },
    { url = "https://files.pythonhosted.org/packages/4f/87/424511bdcd02c8d7acf9f65caa09f291a519b16bd83c3fb3374b3d4ae951/pillow-12.0.0-cp312-cp312-manylinux_2_27_x86_64.manylinux_2_28_x86_64.whl", hash = "sha256:b87843e225e74576437fd5b6a4c2205d422754f84a06942cfaf1dc32243e45a8", size = 7040201, upload-time = "2025-10-15T18:22:14.813Z" },
    { url = "https://files.pythonhosted.org/packages/dc/4d/435c8ac688c54d11755aedfdd9f29c9eeddf68d150fe42d1d3dbd2365149/pillow-12.0.0-cp312-cp312-musllinux_1_2_aarch64.whl", hash = "sha256:c607c90ba67533e1b2355b821fef6764d1dd2cbe26b8c1005ae84f7aea25ff79", size = 6462334, upload-time = "2025-10-15T18:22:16.375Z" },
    { url = "https://files.pythonhosted.org/packages/2b/f2/ad34167a8059a59b8ad10bc5c72d4d9b35acc6b7c0877af8ac885b5f2044/pillow-12.0.0-cp312-cp312-musllinux_1_2_x86_64.whl", hash = "sha256:21f241bdd5080a15bc86d3466a9f6074a9c2c2b314100dd896ac81ee6db2f1ba", size = 7134162, upload-time = "2025-10-15T18:22:17.996Z" },
    { url = "https://files.pythonhosted.org/packages/0c/b1/a7391df6adacf0a5c2cf6ac1cf1fcc1369e7d439d28f637a847f8803beb3/pillow-12.0.0-cp312-cp312-win32.whl", hash = "sha256:dd333073e0cacdc3089525c7df7d39b211bcdf31fc2824e49d01c6b6187b07d0", size = 6298769, upload-time = "2025-10-15T18:22:19.923Z" },
    { url = "https://files.pythonhosted.org/packages/a2/0b/d87733741526541c909bbf159e338dcace4f982daac6e5a8d6be225ca32d/pillow-12.0.0-cp312-cp312-win_amd64.whl", hash = "sha256:9fe611163f6303d1619bbcb653540a4d60f9e55e622d60a3108be0d5b441017a", size = 7001107, upload-time = "2025-10-15T18:22:21.644Z" },
    { url = "https://files.pythonhosted.org/packages/bc/96/aaa61ce33cc98421fb6088af2a03be4157b1e7e0e87087c888e2370a7f45/pillow-12.0.0-cp312-cp312-win_arm64.whl", hash = "sha256:7dfb439562f234f7d57b1ac6bc8fe7f838a4bd49c79230e0f6a1da93e82f1fad", size = 2436012, upload-time = "2025-10-15T18:22:23.621Z" },
]

[[package]]
name = "tabulate"
version = "0.9.0"
source = { registry = "https://pypi.org/simple" }
sdist = { url = "https://files.pythonhosted.org/packages/ec/fe/802052aecb21e3797b8f7902564ab6ea0d60ff8ca23952079064155d1ae1/tabulate-0.9.0.tar.gz", hash = "sha256:0095b12bf5966de529c0feb1fa08671671b3368eec77d7ef7ab114be2c068b3c", size = 81090, upload-time = "2022-10-06T17:21:48.54Z" }
wheels = [
    { url = "https://files.pythonhosted.org/packages/40/44/4a5f08c96eb108af5cb50b41f76142f0afa346dfa99d5296fe7202a11854/tabulate-0.9.0-py3-none-any.whl", hash = "sha256:024ca478df22e9340661486f85298cff5f6dcdba14f3813e8830015b9ed1948f", size = 35252, upload-time = "2022-10-06T17:21:44.262Z" },
]

[[package]]
name = "texture2ddecoder"
version = "1.0.5"
source = { registry = "https://pypi.org/simple" }
sdist = { url = "https://files.pythonhosted.org/packages/3f/08/7012aead15dc0e02289615084374f465908568c7b940f0f5ad0eb216b1a4/texture2ddecoder-1.0.5.tar.gz", hash = "sha256:7767e865394ad8e0a0609d275caf3e8c99d03df107dfb961cb90ea21c9295dc2", size = 105164, upload-time = "2025-03-07T11:35:51.714Z" }
wheels = [
    { url = "https://files.pythonhosted.org/packages/db/d0/ab2e6a4226c1463fef60aad3571dca8b60cee8172f48deaafb2814f80316/texture2ddecoder-1.0.5-cp37-abi3-macosx_10_9_x86_64.whl", hash = "sha256:d037c4071eaeb1b772ccf17dcd1be0ebd1a01a6565f297182346bbafb7acc25e", size = 93163, upload-time = "2025-03-07T11:34:52.136Z" },
    { url = "https://files.pythonhosted.org/packages/69/3a/700186efe43b2f01a44ecd9d00365202025c05d11ffa70f9ab46f68f5ff7/texture2ddecoder-1.0.5-cp37-abi3-macosx_11_0_arm64.whl", hash = "sha256:073128f915c5ed54d34230c33709b89a88e11b796e57f9d5c734c640b265551d", size = 87042, upload-time = "2025-03-07T11:34:55.811Z" },
    { url = "https://files.pythonhosted.org/packages/12/e8/402c4242b4da2e7c180e42f96ddb79f6f3fbf09d4e68d0d0779bd1c54a35/texture2ddecoder-1.0.5-cp37-abi3-manylinux_2_17_aarch64.manylinux2014_aarch64.whl", hash = "sha256:7d21f2866b2bb21f01910b99164bed8a8cc70d2f2be5fd5bf37db1a87a781389", size = 359415, upload-time = "2025-03-07T11:34:57.467Z" },
    { url = "https://files.pythonhosted.org/packages/8b/94/36a109d3983f287f7c812c7ce78752b81be32a5c1ef3fd4f3685b9fdee54/texture2ddecoder-1.0.5-cp37-abi3-manylinux_2_17_ppc64le.manylinux2014_ppc64le.whl", hash = "sha256:958e82c0fe8f831e317304193d83110566736fa7b03698a97aeb8f6f09828fa1", size = 410332, upload-time = "2025-03-07T11:34:59.395Z" },
    { url = "https://files.pythonhosted.org/packages/15/60/6ceb390bab7a04fd44374418c698a17e2ada850c821a350294c3a47ff47f/texture2ddecoder-1.0.5-cp37-abi3-manylinux_2_17_s390x.manylinux2014_s390x.whl", hash = "sha256:185e317b5459f9f4f2429e471f6300a3a8fe11e858048c4105927d342718f946", size = 445208, upload-time = "2025-03-07T11:35:00.94Z" },
    { url = "https://files.pythonhosted.org/packages/a0/0d/1f49ad81fd70a68ba84d057002c62495057a08820f658ad4bba9a1cea7e4/texture2ddecoder-1.0.5-cp37-abi3-manylinux_2_17_x86_64.manylinux2014_x86_64.whl", hash = "sha256:a9dbf2825d74f26d489a4f971e55d57f85397054daef804cfec2e88b5d5247b8", size = 374749, upload-time = "2025-03-07T11:35:02.58Z" },
    { url = "https://files.pythonhosted.org/packages/37/01/ef42b019a7d637b1483167508ca27a54d3a3e90746faef9b3c2a652e3504/texture2ddecoder-1.0.5-cp37-abi3-manylinux_2_5_i686.manylinux1_i686.manylinux_2_17_i686.manylinux2014_i686.whl", hash = "sha256:e449dc9dc7d59bd5fea302b8b80dcef26a31d53a7ff9e59cd7749b5306138f26", size = 361267, upload-time = "2025-03-07T11:35:04.292Z" },
    { url = "https://files.pythonhosted.org/packages/9c/52/458ff691a1217aa7da991cf680357d2a86fe0aac6572cb42acfcc1545aae/texture2ddecoder-1.0.5-cp37-abi3-musllinux_1_2_aarch64.whl", hash = "sha256:7a851cf54e0918d52e63b248129dab8a0bdc98d0237e4da7a85812ce0da101e7", size = 1303707, upload-time = "2025-03-07T11:35:05.866Z" },
    { url = "https://files.pythonhosted.org/packages/69/f6/4ba5f070b6ea976135a32f80ed3acc787fc8511af788e58599bfb0b026b8/texture2ddecoder-1.0.5-cp37-abi3-musllinux_1_2_armv7l.whl", hash = "sha256:869c3563bf03eb0af751812d5d42f9b6a33fbd647196e3812060eba89a0b7dcc", size = 1175192, upload-time = "2025-03-07T11:35:07.358Z" },
    { url = "https://files.pythonhosted.org/packages/9b/b3/8f5cd6e06eb98b6d29d2268d4d1019a5236c51c77e25622c9a1cd5acd1e3/texture2ddecoder-1.0.5-cp37-abi3-musllinux_1_2_i686.whl", hash = "sha256:3d94ae1a87712908286bc5cc9e6ad173a9357aaf33937507cba2ad4305ed8344", size = 1449421, upload-time = "2025-03-07T11:35:08.905Z" },
    { url = "https://files.pythonhosted.org/packages/e9/78/2b5a27e705b93a408fb0a5580ba06728ff35b337871ac42b0a4138c2cd1c/texture2ddecoder-1.0.5-cp37-abi3-musllinux_1_2_ppc64le.whl", hash = "sha256:19f00acb3a25b285c5b3e5a7bc22adb4d90db401c450695e98463585998a5715", size = 1452732, upload-time = "2025-03-07T11:35:12.129Z" },
    { url = "https://files.pythonhosted.org/packages/28/c8/b0f9ff91e56cfcbbf3ab6ca4b6d7d86352ec6dac20cfdd1ebc37277a1a37/texture2ddecoder-1.0.5-cp37-abi3-musllinux_1_2_s390x.whl", hash = "sha256:719f0e17b66e3269662ff6bb05167b61df6897ec3555caefc58731d14d0dad39", size = 1590695, upload-time = "2025-03-07T11:35:13.65Z" },
    { url = "https://files.pythonhosted.org/packages/9e/2a/3803468e58accc4312f9ab39403de43333c79ea123c03790c7cde1d62591/texture2ddecoder-1.0.5-cp37-abi3-musllinux_1_2_x86_64.whl", hash = "sha256:1fd60db331483094a9c7b84e1188222bb545987a11e3161f217f829e1e9c165f", size = 1363889, upload-time = "2025-03-07T11:35:15.45Z" },
    { url = "https://files.pythonhosted.org/packages/5e/5b/1e3202a7b97622924c9304a4cebd65cebebaf5aca1b17c9c9329a797357b/texture2ddecoder-1.0.5-cp37-abi3-win32.whl", hash = "sha256:49fa46e3f10d226a3ead5a11288f781bdd589ff80e649dec8c68cc04b45384e1", size = 52680, upload-time = "2025-03-07T11:35:17.019Z" },
    { url = "https://files.pythonhosted.org/packages/54/57/04a442cdb03e94b96e8bcddc237d3ead389d617b2710b6d90423e4349607/texture2ddecoder-1.0.5-cp37-abi3-win_amd64.whl", hash = "sha256:6ee16f7ebb98e227875f3bbd36be3c65b8d84296200b2624e5064f069bb5588f", size = 64636, upload-time = "2025-03-07T11:35:18.211Z" },
    { url = "https://files.pythonhosted.org/packages/ae/01/0282ce71a0354449293be479d4561d3c39f1a5628f31aea92d8737fd1911/texture2ddecoder-1.0.5-cp37-abi3-win_arm64.whl", hash = "sha256:500e41c12227d5f0e4065ea7047e69fdcbd773a1602ee64f5d34656330bd7c9e", size = 55686, upload-time = "2025-03-07T11:35:19.417Z" },
]

[[package]]
name = "umamusume-model-replace"
version = "0.0.1"
source = { virtual = "." }
dependencies = [
    { name = "pillow" },
    { name = "unitypy" },
]

[package.metadata]
requires-dist = [
    { name = "pillow" },
    { name = "unitypy", specifier = "~=1.8.15" },
]

[[package]]
name = "unitypy"
version = "1.8.20"
source = { registry = "https://pypi.org/simple" }
dependencies = [
    { name = "brotli" },
    { name = "etcpak" },
    { name = "lz4" },
    { name = "pillow" },
    { name = "tabulate" },
    { name = "texture2ddecoder" },
]
sdist = { url = "https://files.pythonhosted.org/packages/c6/ab/a39eb3c1bb5faea7d1cb8dd479bfd3e0bfacdb8f398f67ae31e15e113f0c/UnityPy-1.8.20.tar.gz", hash = "sha256:23aa5dab7cc4080053bc3a08fbde422b6894be720baab89be61339361444b885", size = 5609700, upload-time = "2022-06-15T12:16:51.985Z" }
